// !$*UTF8*$!
{
	archiveVersion = 1;
	classes = {
	};
	objectVersion = 46;
	objects = {

/* Begin PBXBuildFile section */
		BABC46761B08459A008708E9 /* AppDelegate.swift in Sources */ = {isa = PBXBuildFile; fileRef = BABC46751B08459A008708E9 /* AppDelegate.swift */; };
		BABC46781B08459A008708E9 /* ViewController.swift in Sources */ = {isa = PBXBuildFile; fileRef = BABC46771B08459A008708E9 /* ViewController.swift */; };
		BABC467B1B08459A008708E9 /* Main.storyboard in Resources */ = {isa = PBXBuildFile; fileRef = BABC46791B08459A008708E9 /* Main.storyboard */; };
		BABC467D1B08459A008708E9 /* Images.xcassets in Resources */ = {isa = PBXBuildFile; fileRef = BABC467C1B08459A008708E9 /* Images.xcassets */; };
		BABC46801B08459A008708E9 /* LaunchScreen.xib in Resources */ = {isa = PBXBuildFile; fileRef = BABC467E1B08459A008708E9 /* LaunchScreen.xib */; };
		BABC468C1B08459A008708E9 /* Project6AutoLayoutTests.swift in Sources */ = {isa = PBXBuildFile; fileRef = BABC468B1B08459A008708E9 /* Project6AutoLayoutTests.swift */; };
/* End PBXBuildFile section */

/* Begin PBXContainerItemProxy section */
		BABC46861B08459A008708E9 /* PBXContainerItemProxy */ = {
			isa = PBXContainerItemProxy;
			containerPortal = BABC46681B08459A008708E9 /* Project object */;
			proxyType = 1;
			remoteGlobalIDString = BABC466F1B08459A008708E9;
			remoteInfo = Project6AutoLayout;
		};
/* End PBXContainerItemProxy section */

/* Begin PBXFileReference section */
		BABC46701B08459A008708E9 /* Project6AutoLayout.app */ = {isa = PBXFileReference; explicitFileType = wrapper.application; includeInIndex = 0; path = Project6AutoLayout.app; sourceTree = BUILT_PRODUCTS_DIR; };
		BABC46741B08459A008708E9 /* Info.plist */ = {isa = PBXFileReference; lastKnownFileType = text.plist.xml; path = Info.plist; sourceTree = "<group>"; };
		BABC46751B08459A008708E9 /* AppDelegate.swift */ = {isa = PBXFileReference; lastKnownFileType = sourcecode.swift; path = AppDelegate.swift; sourceTree = "<group>"; };
		BABC46771B08459A008708E9 /* ViewController.swift */ = {isa = PBXFileReference; lastKnownFileType = sourcecode.swift; path = ViewController.swift; sourceTree = "<group>"; };
		BABC467A1B08459A008708E9 /* Base */ = {isa = PBXFileReference; lastKnownFileType = file.storyboard; name = Base; path = Base.lproj/Main.storyboard; sourceTree = "<group>"; };
		BABC467C1B08459A008708E9 /* Images.xcassets */ = {isa = PBXFileReference; lastKnownFileType = folder.assetcatalog; path = Images.xcassets; sourceTree = "<group>"; };
		BABC467F1B08459A008708E9 /* Base */ = {isa = PBXFileReference; lastKnownFileType = file.xib; name = Base; path = Base.lproj/LaunchScreen.xib; sourceTree = "<group>"; };
		BABC46851B08459A008708E9 /* Project6AutoLayoutTests.xctest */ = {isa = PBXFileReference; explicitFileType = wrapper.cfbundle; includeInIndex = 0; path = Project6AutoLayoutTests.xctest; sourceTree = BUILT_PRODUCTS_DIR; };
		BABC468A1B08459A008708E9 /* Info.plist */ = {isa = PBXFileReference; lastKnownFileType = text.plist.xml; path = Info.plist; sourceTree = "<group>"; };
		BABC468B1B08459A008708E9 /* Project6AutoLayoutTests.swift */ = {isa = PBXFileReference; lastKnownFileType = sourcecode.swift; path = Project6AutoLayoutTests.swift; sourceTree = "<group>"; };
/* End PBXFileReference section */

/* Begin PBXFrameworksBuildPhase section */
		BABC466D1B08459A008708E9 /* Frameworks */ = {
			isa = PBXFrameworksBuildPhase;
			buildActionMask = 2147483647;
			files = (
			);
			runOnlyForDeploymentPostprocessing = 0;
		};
		BABC46821B08459A008708E9 /* Frameworks */ = {
			isa = PBXFrameworksBuildPhase;
			buildActionMask = 2147483647;
			files = (
			);
			runOnlyForDeploymentPostprocessing = 0;
		};
/* End PBXFrameworksBuildPhase section */

/* Begin PBXGroup section */
		BABC46671B08459A008708E9 = {
			isa = PBXGroup;
			children = (
				BABC46721B08459A008708E9 /* Project6AutoLayout */,
				BABC46881B08459A008708E9 /* Project6AutoLayoutTests */,
				BABC46711B08459A008708E9 /* Products */,
			);
			sourceTree = "<group>";
		};
		BABC46711B08459A008708E9 /* Products */ = {
			isa = PBXGroup;
			children = (
				BABC46701B08459A008708E9 /* Project6AutoLayout.app */,
				BABC46851B08459A008708E9 /* Project6AutoLayoutTests.xctest */,
			);
			name = Products;
			sourceTree = "<group>";
		};
		BABC46721B08459A008708E9 /* Project6AutoLayout */ = {
			isa = PBXGroup;
			children = (
				BABC46751B08459A008708E9 /* AppDelegate.swift */,
				BABC46771B08459A008708E9 /* ViewController.swift */,
				BABC46791B08459A008708E9 /* Main.storyboard */,
				BABC467C1B08459A008708E9 /* Images.xcassets */,
				BABC467E1B08459A008708E9 /* LaunchScreen.xib */,
				BABC46731B08459A008708E9 /* Supporting Files */,
			);
			path = Project6AutoLayout;
			sourceTree = "<group>";
		};
		BABC46731B08459A008708E9 /* Supporting Files */ = {
			isa = PBXGroup;
			children = (
				BABC46741B08459A008708E9 /* Info.plist */,
			);
			name = "Supporting Files";
			sourceTree = "<group>";
		};
		BABC46881B08459A008708E9 /* Project6AutoLayoutTests */ = {
			isa = PBXGroup;
			children = (
				BABC468B1B08459A008708E9 /* Project6AutoLayoutTests.swift */,
				BABC46891B08459A008708E9 /* Supporting Files */,
			);
			path = Project6AutoLayoutTests;
			sourceTree = "<group>";
		};
		BABC46891B08459A008708E9 /* Supporting Files */ = {
			isa = PBXGroup;
			children = (
				BABC468A1B08459A008708E9 /* Info.plist */,
			);
			name = "Supporting Files";
			sourceTree = "<group>";
		};
/* End PBXGroup section */

/* Begin PBXNativeTarget section */
		BABC466F1B08459A008708E9 /* Project6AutoLayout */ = {
			isa = PBXNativeTarget;
			buildConfigurationList = BABC468F1B08459A008708E9 /* Build configuration list for PBXNativeTarget "Project6AutoLayout" */;
			buildPhases = (
				BABC466C1B08459A008708E9 /* Sources */,
				BABC466D1B08459A008708E9 /* Frameworks */,
				BABC466E1B08459A008708E9 /* Resources */,
			);
			buildRules = (
			);
			dependencies = (
			);
			name = Project6AutoLayout;
			productName = Project6AutoLayout;
			productReference = BABC46701B08459A008708E9 /* Project6AutoLayout.app */;
			productType = "com.apple.product-type.application";
		};
		BABC46841B08459A008708E9 /* Project6AutoLayoutTests */ = {
			isa = PBXNativeTarget;
			buildConfigurationList = BABC46921B08459A008708E9 /* Build configuration list for PBXNativeTarget "Project6AutoLayoutTests" */;
			buildPhases = (
				BABC46811B08459A008708E9 /* Sources */,
				BABC46821B08459A008708E9 /* Frameworks */,
				BABC46831B08459A008708E9 /* Resources */,
			);
			buildRules = (
			);
			dependencies = (
				BABC46871B08459A008708E9 /* PBXTargetDependency */,
			);
			name = Project6AutoLayoutTests;
			productName = Project6AutoLayoutTests;
			productReference = BABC46851B08459A008708E9 /* Project6AutoLayoutTests.xctest */;
			productType = "com.apple.product-type.bundle.unit-test";
		};
/* End PBXNativeTarget section */

/* Begin PBXProject section */
		BABC46681B08459A008708E9 /* Project object */ = {
			isa = PBXProject;
			attributes = {
				LastUpgradeCheck = 0630;
				ORGANIZATIONNAME = Henry;
				TargetAttributes = {
					BABC466F1B08459A008708E9 = {
						CreatedOnToolsVersion = 6.3.1;
					};
					BABC46841B08459A008708E9 = {
						CreatedOnToolsVersion = 6.3.1;
						TestTargetID = BABC466F1B08459A008708E9;
					};
				};
			};
			buildConfigurationList = BABC466B1B08459A008708E9 /* Build configuration list for PBXProject "Project6AutoLayout" */;
			compatibilityVersion = "Xcode 3.2";
			developmentRegion = English;
			hasScannedForEncodings = 0;
			knownRegions = (
				en,
				Base,
			);
			mainGroup = BABC46671B08459A008708E9;
			productRefGroup = BABC46711B08459A008708E9 /* Products */;
			projectDirPath = "";
			projectRoot = "";
			targets = (
				BABC466F1B08459A008708E9 /* Project6AutoLayout */,
				BABC46841B08459A008708E9 /* Project6AutoLayoutTests */,
			);
		};
/* End PBXProject section */

/* Begin PBXResourcesBuildPhase section */
		BABC466E1B08459A008708E9 /* Resources */ = {
			isa = PBXResourcesBuildPhase;
			buildActionMask = 2147483647;
			files = (
				BABC467B1B08459A008708E9 /* Main.storyboard in Resources */,
				BABC46801B08459A008708E9 /* LaunchScreen.xib in Resources */,
				BABC467D1B08459A008708E9 /* Images.xcassets in Resources */,
			);
			runOnlyForDeploymentPostprocessing = 0;
		};
		BABC46831B08459A008708E9 /* Resources */ = {
			isa = PBXResourcesBuildPhase;
			buildActionMask = 2147483647;
			files = (
			);
			runOnlyForDeploymentPostprocessing = 0;
		};
/* End PBXResourcesBuildPhase section */

/* Begin PBXSourcesBuildPhase section */
		BABC466C1B08459A008708E9 /* Sources */ = {
			isa = PBXSourcesBuildPhase;
			buildActionMask = 2147483647;
			files = (
				BABC46781B08459A008708E9 /* ViewController.swift in Sources */,
				BABC46761B08459A008708E9 /* AppDelegate.swift in Sources */,
			);
			runOnlyForDeploymentPostprocessing = 0;
		};
		BABC46811B08459A008708E9 /* Sources */ = {
			isa = PBXSourcesBuildPhase;
			buildActionMask = 2147483647;
			files = (
				BABC468C1B08459A008708E9 /* Project6AutoLayoutTests.swift in Sources */,
			);
			runOnlyForDeploymentPostprocessing = 0;
		};
/* End PBXSourcesBuildPhase section */

/* Begin PBXTargetDependency section */
		BABC46871B08459A008708E9 /* PBXTargetDependency */ = {
			isa = PBXTargetDependency;
			target = BABC466F1B08459A008708E9 /* Project6AutoLayout */;
			targetProxy = BABC46861B08459A008708E9 /* PBXContainerItemProxy */;
		};
/* End PBXTargetDependency section */

/* Begin PBXVariantGroup section */
		BABC46791B08459A008708E9 /* Main.storyboard */ = {
			isa = PBXVariantGroup;
			children = (
				BABC467A1B08459A008708E9 /* Base */,
			);
			name = Main.storyboard;
			sourceTree = "<group>";
		};
		BABC467E1B08459A008708E9 /* LaunchScreen.xib */ = {
			isa = PBXVariantGroup;
			children = (
				BABC467F1B08459A008708E9 /* Base */,
			);
			name = LaunchScreen.xib;
			sourceTree = "<group>";
		};
/* End PBXVariantGroup section */

/* Begin XCBuildConfiguration section */
		BABC468D1B08459A008708E9 /* Debug */ = {
			isa = XCBuildConfiguration;
			buildSettings = {
				ALWAYS_SEARCH_USER_PATHS = NO;
				CLANG_CXX_LANGUAGE_STANDARD = "gnu++0x";
				CLANG_CXX_LIBRARY = "libc++";
				CLANG_ENABLE_MODULES = YES;
				CLANG_ENABLE_OBJC_ARC = YES;
				CLANG_WARN_BOOL_CONVERSION = YES;
				CLANG_WARN_CONSTANT_CONVERSION = YES;
				CLANG_WARN_DIRECT_OBJC_ISA_USAGE = YES_ERROR;
				CLANG_WARN_EMPTY_BODY = YES;
				CLANG_WARN_ENUM_CONVERSION = YES;
				CLANG_WARN_INT_CONVERSION = YES;
				CLANG_WARN_OBJC_ROOT_CLASS = YES_ERROR;
				CLANG_WARN_UNREACHABLE_CODE = YES;
				CLANG_WARN__DUPLICATE_METHOD_MATCH = YES;
				"CODE_SIGN_IDENTITY[sdk=iphoneos*]" = "iPhone Developer";
				COPY_PHASE_STRIP = NO;
				DEBUG_INFORMATION_FORMAT = "dwarf-with-dsym";
				ENABLE_STRICT_OBJC_MSGSEND = YES;
				GCC_C_LANGUAGE_STANDARD = gnu99;
				GCC_DYNAMIC_NO_PIC = NO;
				GCC_NO_COMMON_BLOCKS = YES;
				GCC_OPTIMIZATION_LEVEL = 0;
				GCC_PREPROCESSOR_DEFINITIONS = (
					"DEBUG=1",
					"$(inherited)",
				);
				GCC_SYMBOLS_PRIVATE_EXTERN = NO;
				GCC_WARN_64_TO_32_BIT_CONVERSION = YES;
				GCC_WARN_ABOUT_RETURN_TYPE = YES_ERROR;
				GCC_WARN_UNDECLARED_SELECTOR = YES;
				GCC_WARN_UNINITIALIZED_AUTOS = YES_AGGRESSIVE;
				GCC_WARN_UNUSED_FUNCTION = YES;
				GCC_WARN_UNUSED_VARIABLE = YES;
				IPHONEOS_DEPLOYMENT_TARGET = 8.3;
				MTL_ENABLE_DEBUG_INFO = YES;
				ONLY_ACTIVE_ARCH = YES;
				SDKROOT = iphoneos;
				SWIFT_OPTIMIZATION_LEVEL = "-Onone";
			};
			name = Debug;
		};
		BABC468E1B08459A008708E9 /* Release */ = {
			isa = XCBuildConfiguration;
			buildSettings = {
				ALWAYS_SEARCH_USER_PATHS = NO;
				CLANG_CXX_LANGUAGE_STANDARD = "gnu++0x";
				CLANG_CXX_LIBRARY = "libc++";
				CLANG_ENABLE_MODULES = YES;
				CLANG_ENABLE_OBJC_ARC = YES;
				CLANG_WARN_BOOL_CONVERSION = YES;
				CLANG_WARN_CONSTANT_CONVERSION = YES;
				CLANG_WARN_DIRECT_OBJC_ISA_USAGE = YES_ERROR;
				CLANG_WARN_EMPTY_BODY = YES;
				CLANG_WARN_ENUM_CONVERSION = YES;
				CLANG_WARN_INT_CONVERSION = YES;
				CLANG_WARN_OBJC_ROOT_CLASS = YES_ERROR;
				CLANG_WARN_UNREACHABLE_CODE = YES;
				CLANG_WARN__DUPLICATE_METHOD_MATCH = YES;
				"CODE_SIGN_IDENTITY[sdk=iphoneos*]" = "iPhone Developer";
				COPY_PHASE_STRIP = NO;
				DEBUG_INFORMATION_FORMAT = "dwarf-with-dsym";
				ENABLE_NS_ASSERTIONS = NO;
				ENABLE_STRICT_OBJC_MSGSEND = YES;
				GCC_C_LANGUAGE_STANDARD = gnu99;
				GCC_NO_COMMON_BLOCKS = YES;
				GCC_WARN_64_TO_32_BIT_CONVERSION = YES;
				GCC_WARN_ABOUT_RETURN_TYPE = YES_ERROR;
				GCC_WARN_UNDECLARED_SELECTOR = YES;
				GCC_WARN_UNINITIALIZED_AUTOS = YES_AGGRESSIVE;
				GCC_WARN_UNUSED_FUNCTION = YES;
				GCC_WARN_UNUSED_VARIABLE = YES;
				IPHONEOS_DEPLOYMENT_TARGET = 8.3;
				MTL_ENABLE_DEBUG_INFO = NO;
				SDKROOT = iphoneos;
				VALIDATE_PRODUCT = YES;
			};
			name = Release;
		};
		BABC46901B08459A008708E9 /* Debug */ = {
			isa = XCBuildConfiguration;
			buildSettings = {
				ASSETCATALOG_COMPILER_APPICON_NAME = AppIcon;
				INFOPLIST_FILE = Project6AutoLayout/Info.plist;
				LD_RUNPATH_SEARCH_PATHS = "$(inherited) @executable_path/Frameworks";
				PRODUCT_NAME = "$(TARGET_NAME)";
			};
			name = Debug;
		};
		BABC46911B08459A008708E9 /* Release */ = {
			isa = XCBuildConfiguration;
			buildSettings = {
				ASSETCATALOG_COMPILER_APPICON_NAME = AppIcon;
				INFOPLIST_FILE = Project6AutoLayout/Info.plist;
				LD_RUNPATH_SEARCH_PATHS = "$(inherited) @executable_path/Frameworks";
				PRODUCT_NAME = "$(TARGET_NAME)";
			};
			name = Release;
		};
		BABC46931B08459A008708E9 /* Debug */ = {
			isa = XCBuildConfiguration;
			buildSettings = {
				BUNDLE_LOADER = "$(TEST_HOST)";
				FRAMEWORK_SEARCH_PATHS = (
					"$(SDKROOT)/Developer/Library/Frameworks",
					"$(inherited)",
				);
				GCC_PREPROCESSOR_DEFINITIONS = (
					"DEBUG=1",
					"$(inherited)",
				);
				INFOPLIST_FILE = Project6AutoLayoutTests/Info.plist;
				LD_RUNPATH_SEARCH_PATHS = "$(inherited) @executable_path/Frameworks @loader_path/Frameworks";
				PRODUCT_NAME = "$(TARGET_NAME)";
				TEST_HOST = "$(BUILT_PRODUCTS_DIR)/Project6AutoLayout.app/Project6AutoLayout";
			};
			name = Debug;
		};
		BABC46941B08459A008708E9 /* Release */ = {
			isa = XCBuildConfiguration;
			buildSettings = {
				BUNDLE_LOADER = "$(TEST_HOST)";
				FRAMEWORK_SEARCH_PATHS = (
					"$(SDKROOT)/Developer/Library/Frameworks",
					"$(inherited)",
				);
				INFOPLIST_FILE = Project6AutoLayoutTests/Info.plist;
				LD_RUNPATH_SEARCH_PATHS = "$(inherited) @executable_path/Frameworks @loader_path/Frameworks";
				PRODUCT_NAME = "$(TARGET_NAME)";
				TEST_HOST = "$(BUILT_PRODUCTS_DIR)/Project6AutoLayout.app/Project6AutoLayout";
			};
			name = Release;
		};
/* End XCBuildConfiguration section */

/* Begin XCConfigurationList section */
		BABC466B1B08459A008708E9 /* Build configuration list for PBXProject "Project6AutoLayout" */ = {
			isa = XCConfigurationList;
			buildConfigurations = (
				BABC468D1B08459A008708E9 /* Debug */,
				BABC468E1B08459A008708E9 /* Release */,
			);
			defaultConfigurationIsVisible = 0;
			defaultConfigurationName = Release;
		};
		BABC468F1B08459A008708E9 /* Build configuration list for PBXNativeTarget "Project6AutoLayout" */ = {
			isa = XCConfigurationList;
			buildConfigurations = (
				BABC46901B08459A008708E9 /* Debug */,
				BABC46911B08459A008708E9 /* Release */,
			);
			defaultConfigurationIsVisible = 0;
		};
		BABC46921B08459A008708E9 /* Build configuration list for PBXNativeTarget "Project6AutoLayoutTests" */ = {
			isa = XCConfigurationList;
			buildConfigurations = (
				BABC46931B08459A008708E9 /* Debug */,
				BABC46941B08459A008708E9 /* Release */,
			);
			defaultConfigurationIsVisible = 0;
		};
/* End XCConfigurationList section */
	};
	rootObject = BABC46681B08459A008708E9 /* Project object */;
}
